// !$*UTF8*$!
{
	archiveVersion = 1;
	classes = {
	};
	objectVersion = 48;
	objects = {

/* Begin PBXBuildFile section */
		57DA0743A482FE44A40B6E14 /* Pods_searchAppTests.framework in Frameworks */ = {isa = PBXBuildFile; fileRef = FF977661D0A6D57FFBD594BF /* Pods_searchAppTests.framework */; };
		9D4B59010E6CC15252128888 /* Pods_searchApp.framework in Frameworks */ = {isa = PBXBuildFile; fileRef = 6F8078CAAC69B5E4CA4EA2D2 /* Pods_searchApp.framework */; };
		B57DA703274278A6396F50C9 /* Pods_searchAppUITests.framework in Frameworks */ = {isa = PBXBuildFile; fileRef = F4CAFBF812E63BA0B8FD9B88 /* Pods_searchAppUITests.framework */; };
		E26E321E1F74F21200F43C04 /* TrackController.swift in Sources */ = {isa = PBXBuildFile; fileRef = E26E321D1F74F21200F43C04 /* TrackController.swift */; };
		E27756931F72A42B006D5563 /* AppDelegate.swift in Sources */ = {isa = PBXBuildFile; fileRef = E27756921F72A42B006D5563 /* AppDelegate.swift */; };
		E27756951F72A42B006D5563 /* ViewController.swift in Sources */ = {isa = PBXBuildFile; fileRef = E27756941F72A42B006D5563 /* ViewController.swift */; };
		E27756981F72A42B006D5563 /* Main.storyboard in Resources */ = {isa = PBXBuildFile; fileRef = E27756961F72A42B006D5563 /* Main.storyboard */; };
		E277569A1F72A42B006D5563 /* Assets.xcassets in Resources */ = {isa = PBXBuildFile; fileRef = E27756991F72A42B006D5563 /* Assets.xcassets */; };
		E277569D1F72A42B006D5563 /* LaunchScreen.storyboard in Resources */ = {isa = PBXBuildFile; fileRef = E277569B1F72A42B006D5563 /* LaunchScreen.storyboard */; };
		E27756A81F72A42B006D5563 /* searchAppTests.swift in Sources */ = {isa = PBXBuildFile; fileRef = E27756A71F72A42B006D5563 /* searchAppTests.swift */; };
		E27756B31F72A42C006D5563 /* searchAppUITests.swift in Sources */ = {isa = PBXBuildFile; fileRef = E27756B21F72A42C006D5563 /* searchAppUITests.swift */; };
		E2A700AE1F73D09200D37D46 /* AlbumController.swift in Sources */ = {isa = PBXBuildFile; fileRef = E2A700AD1F73D09200D37D46 /* AlbumController.swift */; };
/* End PBXBuildFile section */

/* Begin PBXContainerItemProxy section */
		E27756A41F72A42B006D5563 /* PBXContainerItemProxy */ = {
			isa = PBXContainerItemProxy;
			containerPortal = E27756871F72A42B006D5563 /* Project object */;
			proxyType = 1;
			remoteGlobalIDString = E277568E1F72A42B006D5563;
			remoteInfo = searchApp;
		};
		E27756AF1F72A42C006D5563 /* PBXContainerItemProxy */ = {
			isa = PBXContainerItemProxy;
			containerPortal = E27756871F72A42B006D5563 /* Project object */;
			proxyType = 1;
			remoteGlobalIDString = E277568E1F72A42B006D5563;
			remoteInfo = searchApp;
		};
/* End PBXContainerItemProxy section */

/* Begin PBXFileReference section */
		0508C0ECB434564C6958B8E7 /* Pods-searchApp.release.xcconfig */ = {isa = PBXFileReference; includeInIndex = 1; lastKnownFileType = text.xcconfig; name = "Pods-searchApp.release.xcconfig"; path = "Pods/Target Support Files/Pods-searchApp/Pods-searchApp.release.xcconfig"; sourceTree = "<group>"; };
		1C99E54D67348F53F32BED1F /* Pods-searchApp.debug.xcconfig */ = {isa = PBXFileReference; includeInIndex = 1; lastKnownFileType = text.xcconfig; name = "Pods-searchApp.debug.xcconfig"; path = "Pods/Target Support Files/Pods-searchApp/Pods-searchApp.debug.xcconfig"; sourceTree = "<group>"; };
		3B1A371B0C64765AF80FBEE8 /* Pods-searchAppUITests.release.xcconfig */ = {isa = PBXFileReference; includeInIndex = 1; lastKnownFileType = text.xcconfig; name = "Pods-searchAppUITests.release.xcconfig"; path = "Pods/Target Support Files/Pods-searchAppUITests/Pods-searchAppUITests.release.xcconfig"; sourceTree = "<group>"; };
		4C373C3F556479E74DD082FB /* Pods-searchAppTests.release.xcconfig */ = {isa = PBXFileReference; includeInIndex = 1; lastKnownFileType = text.xcconfig; name = "Pods-searchAppTests.release.xcconfig"; path = "Pods/Target Support Files/Pods-searchAppTests/Pods-searchAppTests.release.xcconfig"; sourceTree = "<group>"; };
		6225E7672C5D9D3B778C1ADD /* Pods-searchAppUITests.debug.xcconfig */ = {isa = PBXFileReference; includeInIndex = 1; lastKnownFileType = text.xcconfig; name = "Pods-searchAppUITests.debug.xcconfig"; path = "Pods/Target Support Files/Pods-searchAppUITests/Pods-searchAppUITests.debug.xcconfig"; sourceTree = "<group>"; };
		6F8078CAAC69B5E4CA4EA2D2 /* Pods_searchApp.framework */ = {isa = PBXFileReference; explicitFileType = wrapper.framework; includeInIndex = 0; path = Pods_searchApp.framework; sourceTree = BUILT_PRODUCTS_DIR; };
		C4ED675A9533A15C3402FE7A /* Pods-searchAppTests.debug.xcconfig */ = {isa = PBXFileReference; includeInIndex = 1; lastKnownFileType = text.xcconfig; name = "Pods-searchAppTests.debug.xcconfig"; path = "Pods/Target Support Files/Pods-searchAppTests/Pods-searchAppTests.debug.xcconfig"; sourceTree = "<group>"; };
		E26E321D1F74F21200F43C04 /* TrackController.swift */ = {isa = PBXFileReference; lastKnownFileType = sourcecode.swift; path = TrackController.swift; sourceTree = "<group>"; };
		E277568F1F72A42B006D5563 /* searchApp.app */ = {isa = PBXFileReference; explicitFileType = wrapper.application; includeInIndex = 0; path = searchApp.app; sourceTree = BUILT_PRODUCTS_DIR; };
		E27756921F72A42B006D5563 /* AppDelegate.swift */ = {isa = PBXFileReference; lastKnownFileType = sourcecode.swift; path = AppDelegate.swift; sourceTree = "<group>"; };
		E27756941F72A42B006D5563 /* ViewController.swift */ = {isa = PBXFileReference; lastKnownFileType = sourcecode.swift; path = ViewController.swift; sourceTree = "<group>"; };
		E27756971F72A42B006D5563 /* Base */ = {isa = PBXFileReference; lastKnownFileType = file.storyboard; name = Base; path = Base.lproj/Main.storyboard; sourceTree = "<group>"; };
		E27756991F72A42B006D5563 /* Assets.xcassets */ = {isa = PBXFileReference; lastKnownFileType = folder.assetcatalog; path = Assets.xcassets; sourceTree = "<group>"; };
		E277569C1F72A42B006D5563 /* Base */ = {isa = PBXFileReference; lastKnownFileType = file.storyboard; name = Base; path = Base.lproj/LaunchScreen.storyboard; sourceTree = "<group>"; };
		E277569E1F72A42B006D5563 /* Info.plist */ = {isa = PBXFileReference; lastKnownFileType = text.plist.xml; path = Info.plist; sourceTree = "<group>"; };
		E27756A31F72A42B006D5563 /* searchAppTests.xctest */ = {isa = PBXFileReference; explicitFileType = wrapper.cfbundle; includeInIndex = 0; path = searchAppTests.xctest; sourceTree = BUILT_PRODUCTS_DIR; };
		E27756A71F72A42B006D5563 /* searchAppTests.swift */ = {isa = PBXFileReference; lastKnownFileType = sourcecode.swift; path = searchAppTests.swift; sourceTree = "<group>"; };
		E27756A91F72A42B006D5563 /* Info.plist */ = {isa = PBXFileReference; lastKnownFileType = text.plist.xml; path = Info.plist; sourceTree = "<group>"; };
		E27756AE1F72A42C006D5563 /* searchAppUITests.xctest */ = {isa = PBXFileReference; explicitFileType = wrapper.cfbundle; includeInIndex = 0; path = searchAppUITests.xctest; sourceTree = BUILT_PRODUCTS_DIR; };
		E27756B21F72A42C006D5563 /* searchAppUITests.swift */ = {isa = PBXFileReference; lastKnownFileType = sourcecode.swift; path = searchAppUITests.swift; sourceTree = "<group>"; };
		E27756B41F72A42C006D5563 /* Info.plist */ = {isa = PBXFileReference; lastKnownFileType = text.plist.xml; path = Info.plist; sourceTree = "<group>"; };
		E2A700AD1F73D09200D37D46 /* AlbumController.swift */ = {isa = PBXFileReference; lastKnownFileType = sourcecode.swift; path = AlbumController.swift; sourceTree = "<group>"; };
		F4CAFBF812E63BA0B8FD9B88 /* Pods_searchAppUITests.framework */ = {isa = PBXFileReference; explicitFileType = wrapper.framework; includeInIndex = 0; path = Pods_searchAppUITests.framework; sourceTree = BUILT_PRODUCTS_DIR; };
		FF977661D0A6D57FFBD594BF /* Pods_searchAppTests.framework */ = {isa = PBXFileReference; explicitFileType = wrapper.framework; includeInIndex = 0; path = Pods_searchAppTests.framework; sourceTree = BUILT_PRODUCTS_DIR; };
/* End PBXFileReference section */

/* Begin PBXFrameworksBuildPhase section */
		E277568C1F72A42B006D5563 /* Frameworks */ = {
			isa = PBXFrameworksBuildPhase;
			buildActionMask = 2147483647;
			files = (
				9D4B59010E6CC15252128888 /* Pods_searchApp.framework in Frameworks */,
			);
			runOnlyForDeploymentPostprocessing = 0;
		};
		E27756A01F72A42B006D5563 /* Frameworks */ = {
			isa = PBXFrameworksBuildPhase;
			buildActionMask = 2147483647;
			files = (
				57DA0743A482FE44A40B6E14 /* Pods_searchAppTests.framework in Frameworks */,
			);
			runOnlyForDeploymentPostprocessing = 0;
		};
		E27756AB1F72A42C006D5563 /* Frameworks */ = {
			isa = PBXFrameworksBuildPhase;
			buildActionMask = 2147483647;
			files = (
				B57DA703274278A6396F50C9 /* Pods_searchAppUITests.framework in Frameworks */,
			);
			runOnlyForDeploymentPostprocessing = 0;
		};
/* End PBXFrameworksBuildPhase section */

/* Begin PBXGroup section */
		37F3B49AE2097F6D8536AA63 /* Frameworks */ = {
			isa = PBXGroup;
			children = (
				6F8078CAAC69B5E4CA4EA2D2 /* Pods_searchApp.framework */,
				FF977661D0A6D57FFBD594BF /* Pods_searchAppTests.framework */,
				F4CAFBF812E63BA0B8FD9B88 /* Pods_searchAppUITests.framework */,
			);
			name = Frameworks;
			sourceTree = "<group>";
		};
		5199D59E0B1DBFAD50EFD573 /* Pods */ = {
			isa = PBXGroup;
			children = (
				1C99E54D67348F53F32BED1F /* Pods-searchApp.debug.xcconfig */,
				0508C0ECB434564C6958B8E7 /* Pods-searchApp.release.xcconfig */,
				C4ED675A9533A15C3402FE7A /* Pods-searchAppTests.debug.xcconfig */,
				4C373C3F556479E74DD082FB /* Pods-searchAppTests.release.xcconfig */,
				6225E7672C5D9D3B778C1ADD /* Pods-searchAppUITests.debug.xcconfig */,
				3B1A371B0C64765AF80FBEE8 /* Pods-searchAppUITests.release.xcconfig */,
			);
			name = Pods;
			sourceTree = "<group>";
		};
		E27756861F72A42B006D5563 = {
			isa = PBXGroup;
			children = (
				E27756911F72A42B006D5563 /* searchApp */,
				E27756A61F72A42B006D5563 /* searchAppTests */,
				E27756B11F72A42C006D5563 /* searchAppUITests */,
				E27756901F72A42B006D5563 /* Products */,
				5199D59E0B1DBFAD50EFD573 /* Pods */,
				37F3B49AE2097F6D8536AA63 /* Frameworks */,
			);
			sourceTree = "<group>";
		};
		E27756901F72A42B006D5563 /* Products */ = {
			isa = PBXGroup;
			children = (
				E277568F1F72A42B006D5563 /* searchApp.app */,
				E27756A31F72A42B006D5563 /* searchAppTests.xctest */,
				E27756AE1F72A42C006D5563 /* searchAppUITests.xctest */,
			);
			name = Products;
			sourceTree = "<group>";
		};
		E27756911F72A42B006D5563 /* searchApp */ = {
			isa = PBXGroup;
			children = (
				E27756921F72A42B006D5563 /* AppDelegate.swift */,
				E27756941F72A42B006D5563 /* ViewController.swift */,
				E2A700AD1F73D09200D37D46 /* AlbumController.swift */,
				E27756961F72A42B006D5563 /* Main.storyboard */,
				E27756991F72A42B006D5563 /* Assets.xcassets */,
				E277569B1F72A42B006D5563 /* LaunchScreen.storyboard */,
				E277569E1F72A42B006D5563 /* Info.plist */,
				E26E321D1F74F21200F43C04 /* TrackController.swift */,
			);
			path = searchApp;
			sourceTree = "<group>";
		};
		E27756A61F72A42B006D5563 /* searchAppTests */ = {
			isa = PBXGroup;
			children = (
				E27756A71F72A42B006D5563 /* searchAppTests.swift */,
				E27756A91F72A42B006D5563 /* Info.plist */,
			);
			path = searchAppTests;
			sourceTree = "<group>";
		};
		E27756B11F72A42C006D5563 /* searchAppUITests */ = {
			isa = PBXGroup;
			children = (
				E27756B21F72A42C006D5563 /* searchAppUITests.swift */,
				E27756B41F72A42C006D5563 /* Info.plist */,
			);
			path = searchAppUITests;
			sourceTree = "<group>";
		};
/* End PBXGroup section */

/* Begin PBXNativeTarget section */
		E277568E1F72A42B006D5563 /* searchApp */ = {
			isa = PBXNativeTarget;
			buildConfigurationList = E27756B71F72A42C006D5563 /* Build configuration list for PBXNativeTarget "searchApp" */;
			buildPhases = (
				6A6FC59D69FEEC92578E1ACE /* [CP] Check Pods Manifest.lock */,
				E277568B1F72A42B006D5563 /* Sources */,
				E277568C1F72A42B006D5563 /* Frameworks */,
				E277568D1F72A42B006D5563 /* Resources */,
				ACCD29BD947C583A87BD57D1 /* [CP] Embed Pods Frameworks */,
				D4865D10249395979F64D7C6 /* [CP] Copy Pods Resources */,
			);
			buildRules = (
			);
			dependencies = (
			);
			name = searchApp;
			productName = searchApp;
			productReference = E277568F1F72A42B006D5563 /* searchApp.app */;
			productType = "com.apple.product-type.application";
		};
		E27756A21F72A42B006D5563 /* searchAppTests */ = {
			isa = PBXNativeTarget;
			buildConfigurationList = E27756BA1F72A42C006D5563 /* Build configuration list for PBXNativeTarget "searchAppTests" */;
			buildPhases = (
				6DBEB07BE334F2BAFE7D708F /* [CP] Check Pods Manifest.lock */,
				E277569F1F72A42B006D5563 /* Sources */,
				E27756A01F72A42B006D5563 /* Frameworks */,
				E27756A11F72A42B006D5563 /* Resources */,
				675EF28E7A4135D47453D6A5 /* [CP] Embed Pods Frameworks */,
				268BF6D90EB776FE9E55463B /* [CP] Copy Pods Resources */,
			);
			buildRules = (
			);
			dependencies = (
				E27756A51F72A42B006D5563 /* PBXTargetDependency */,
			);
			name = searchAppTests;
			productName = searchAppTests;
			productReference = E27756A31F72A42B006D5563 /* searchAppTests.xctest */;
			productType = "com.apple.product-type.bundle.unit-test";
		};
		E27756AD1F72A42C006D5563 /* searchAppUITests */ = {
			isa = PBXNativeTarget;
			buildConfigurationList = E27756BD1F72A42C006D5563 /* Build configuration list for PBXNativeTarget "searchAppUITests" */;
			buildPhases = (
				4F592C765B75E1CA21CB6393 /* [CP] Check Pods Manifest.lock */,
				E27756AA1F72A42C006D5563 /* Sources */,
				E27756AB1F72A42C006D5563 /* Frameworks */,
				E27756AC1F72A42C006D5563 /* Resources */,
				C06657867C45AD0E311920AE /* [CP] Embed Pods Frameworks */,
				B8B475A6013F0B9B2A6650DC /* [CP] Copy Pods Resources */,
			);
			buildRules = (
			);
			dependencies = (
				E27756B01F72A42C006D5563 /* PBXTargetDependency */,
			);
			name = searchAppUITests;
			productName = searchAppUITests;
			productReference = E27756AE1F72A42C006D5563 /* searchAppUITests.xctest */;
			productType = "com.apple.product-type.bundle.ui-testing";
		};
/* End PBXNativeTarget section */

/* Begin PBXProject section */
		E27756871F72A42B006D5563 /* Project object */ = {
			isa = PBXProject;
			attributes = {
				LastSwiftUpdateCheck = 0900;
				LastUpgradeCheck = 0900;
				ORGANIZATIONNAME = "Sikander Farooq";
				TargetAttributes = {
					E277568E1F72A42B006D5563 = {
						CreatedOnToolsVersion = 9.0;
						ProvisioningStyle = Automatic;
					};
					E27756A21F72A42B006D5563 = {
						CreatedOnToolsVersion = 9.0;
						ProvisioningStyle = Automatic;
						TestTargetID = E277568E1F72A42B006D5563;
					};
					E27756AD1F72A42C006D5563 = {
						CreatedOnToolsVersion = 9.0;
						ProvisioningStyle = Automatic;
						TestTargetID = E277568E1F72A42B006D5563;
					};
				};
			};
			buildConfigurationList = E277568A1F72A42B006D5563 /* Build configuration list for PBXProject "searchApp" */;
			compatibilityVersion = "Xcode 8.0";
			developmentRegion = en;
			hasScannedForEncodings = 0;
			knownRegions = (
				en,
				Base,
			);
			mainGroup = E27756861F72A42B006D5563;
			productRefGroup = E27756901F72A42B006D5563 /* Products */;
			projectDirPath = "";
			projectRoot = "";
			targets = (
				E277568E1F72A42B006D5563 /* searchApp */,
				E27756A21F72A42B006D5563 /* searchAppTests */,
				E27756AD1F72A42C006D5563 /* searchAppUITests */,
			);
		};
/* End PBXProject section */

/* Begin PBXResourcesBuildPhase section */
		E277568D1F72A42B006D5563 /* Resources */ = {
			isa = PBXResourcesBuildPhase;
			buildActionMask = 2147483647;
			files = (
				E277569D1F72A42B006D5563 /* LaunchScreen.storyboard in Resources */,
				E277569A1F72A42B006D5563 /* Assets.xcassets in Resources */,
				E27756981F72A42B006D5563 /* Main.storyboard in Resources */,
			);
			runOnlyForDeploymentPostprocessing = 0;
		};
		E27756A11F72A42B006D5563 /* Resources */ = {
			isa = PBXResourcesBuildPhase;
			buildActionMask = 2147483647;
			files = (
			);
			runOnlyForDeploymentPostprocessing = 0;
		};
		E27756AC1F72A42C006D5563 /* Resources */ = {
			isa = PBXResourcesBuildPhase;
			buildActionMask = 2147483647;
			files = (
			);
			runOnlyForDeploymentPostprocessing = 0;
		};
/* End PBXResourcesBuildPhase section */

/* Begin PBXShellScriptBuildPhase section */
		268BF6D90EB776FE9E55463B /* [CP] Copy Pods Resources */ = {
			isa = PBXShellScriptBuildPhase;
			buildActionMask = 2147483647;
			files = (
			);
			inputPaths = (
			);
			name = "[CP] Copy Pods Resources";
			outputPaths = (
			);
			runOnlyForDeploymentPostprocessing = 0;
			shellPath = /bin/sh;
			shellScript = "\"${SRCROOT}/Pods/Target Support Files/Pods-searchAppTests/Pods-searchAppTests-resources.sh\"\n";
			showEnvVarsInLog = 0;
		};
		4F592C765B75E1CA21CB6393 /* [CP] Check Pods Manifest.lock */ = {
			isa = PBXShellScriptBuildPhase;
			buildActionMask = 2147483647;
			files = (
			);
			inputPaths = (
				"${PODS_PODFILE_DIR_PATH}/Podfile.lock",
				"${PODS_ROOT}/Manifest.lock",
			);
			name = "[CP] Check Pods Manifest.lock";
			outputPaths = (
				"$(DERIVED_FILE_DIR)/Pods-searchAppUITests-checkManifestLockResult.txt",
			);
			runOnlyForDeploymentPostprocessing = 0;
			shellPath = /bin/sh;
			shellScript = "diff \"${PODS_PODFILE_DIR_PATH}/Podfile.lock\" \"${PODS_ROOT}/Manifest.lock\" > /dev/null\nif [ $? != 0 ] ; then\n    # print error to STDERR\n    echo \"error: The sandbox is not in sync with the Podfile.lock. Run 'pod install' or update your CocoaPods installation.\" >&2\n    exit 1\nfi\n# This output is used by Xcode 'outputs' to avoid re-running this script phase.\necho \"SUCCESS\" > \"${SCRIPT_OUTPUT_FILE_0}\"\n";
			showEnvVarsInLog = 0;
		};
		675EF28E7A4135D47453D6A5 /* [CP] Embed Pods Frameworks */ = {
			isa = PBXShellScriptBuildPhase;
			buildActionMask = 2147483647;
			files = (
			);
			inputPaths = (
			);
			name = "[CP] Embed Pods Frameworks";
			outputPaths = (
			);
			runOnlyForDeploymentPostprocessing = 0;
			shellPath = /bin/sh;
			shellScript = "\"${SRCROOT}/Pods/Target Support Files/Pods-searchAppTests/Pods-searchAppTests-frameworks.sh\"\n";
			showEnvVarsInLog = 0;
		};
		6A6FC59D69FEEC92578E1ACE /* [CP] Check Pods Manifest.lock */ = {
			isa = PBXShellScriptBuildPhase;
			buildActionMask = 2147483647;
			files = (
			);
			inputPaths = (
				"${PODS_PODFILE_DIR_PATH}/Podfile.lock",
				"${PODS_ROOT}/Manifest.lock",
			);
			name = "[CP] Check Pods Manifest.lock";
			outputPaths = (
				"$(DERIVED_FILE_DIR)/Pods-searchApp-checkManifestLockResult.txt",
			);
			runOnlyForDeploymentPostprocessing = 0;
			shellPath = /bin/sh;
			shellScript = "diff \"${PODS_PODFILE_DIR_PATH}/Podfile.lock\" \"${PODS_ROOT}/Manifest.lock\" > /dev/null\nif [ $? != 0 ] ; then\n    # print error to STDERR\n    echo \"error: The sandbox is not in sync with the Podfile.lock. Run 'pod install' or update your CocoaPods installation.\" >&2\n    exit 1\nfi\n# This output is used by Xcode 'outputs' to avoid re-running this script phase.\necho \"SUCCESS\" > \"${SCRIPT_OUTPUT_FILE_0}\"\n";
			showEnvVarsInLog = 0;
		};
		6DBEB07BE334F2BAFE7D708F /* [CP] Check Pods Manifest.lock */ = {
			isa = PBXShellScriptBuildPhase;
			buildActionMask = 2147483647;
			files = (
			);
			inputPaths = (
				"${PODS_PODFILE_DIR_PATH}/Podfile.lock",
				"${PODS_ROOT}/Manifest.lock",
			);
			name = "[CP] Check Pods Manifest.lock";
			outputPaths = (
				"$(DERIVED_FILE_DIR)/Pods-searchAppTests-checkManifestLockResult.txt",
			);
			runOnlyForDeploymentPostprocessing = 0;
			shellPath = /bin/sh;
			shellScript = "diff \"${PODS_PODFILE_DIR_PATH}/Podfile.lock\" \"${PODS_ROOT}/Manifest.lock\" > /dev/null\nif [ $? != 0 ] ; then\n    # print error to STDERR\n    echo \"error: The sandbox is not in sync with the Podfile.lock. Run 'pod install' or update your CocoaPods installation.\" >&2\n    exit 1\nfi\n# This output is used by Xcode 'outputs' to avoid re-running this script phase.\necho \"SUCCESS\" > \"${SCRIPT_OUTPUT_FILE_0}\"\n";
			showEnvVarsInLog = 0;
		};
		ACCD29BD947C583A87BD57D1 /* [CP] Embed Pods Frameworks */ = {
			isa = PBXShellScriptBuildPhase;
			buildActionMask = 2147483647;
			files = (
			);
			inputPaths = (
				"${SRCROOT}/Pods/Target Support Files/Pods-searchApp/Pods-searchApp-frameworks.sh",
				"${BUILT_PRODUCTS_DIR}/Alamofire/Alamofire.framework",
			);
			name = "[CP] Embed Pods Frameworks";
			outputPaths = (
				"${TARGET_BUILD_DIR}/${FRAMEWORKS_FOLDER_PATH}/Alamofire.framework",
			);
			runOnlyForDeploymentPostprocessing = 0;
			shellPath = /bin/sh;
			shellScript = "\"${SRCROOT}/Pods/Target Support Files/Pods-searchApp/Pods-searchApp-frameworks.sh\"\n";
			showEnvVarsInLog = 0;
		};
		B8B475A6013F0B9B2A6650DC /* [CP] Copy Pods Resources */ = {
			isa = PBXShellScriptBuildPhase;
			buildActionMask = 2147483647;
			files = (
			);
			inputPaths = (
			);
			name = "[CP] Copy Pods Resources";
			outputPaths = (
			);
			runOnlyForDeploymentPostprocessing = 0;
			shellPath = /bin/sh;
			shellScript = "\"${SRCROOT}/Pods/Target Support Files/Pods-searchAppUITests/Pods-searchAppUITests-resources.sh\"\n";
			showEnvVarsInLog = 0;
		};
		C06657867C45AD0E311920AE /* [CP] Embed Pods Frameworks */ = {
			isa = PBXShellScriptBuildPhase;
			buildActionMask = 2147483647;
			files = (
			);
			inputPaths = (
			);
			name = "[CP] Embed Pods Frameworks";
			outputPaths = (
			);
			runOnlyForDeploymentPostprocessing = 0;
			shellPath = /bin/sh;
			shellScript = "\"${SRCROOT}/Pods/Target Support Files/Pods-searchAppUITests/Pods-searchAppUITests-frameworks.sh\"\n";
			showEnvVarsInLog = 0;
		};
		D4865D10249395979F64D7C6 /* [CP] Copy Pods Resources */ = {
			isa = PBXShellScriptBuildPhase;
			buildActionMask = 2147483647;
			files = (
			);
			inputPaths = (
			);
			name = "[CP] Copy Pods Resources";
			outputPaths = (
			);
			runOnlyForDeploymentPostprocessing = 0;
			shellPath = /bin/sh;
			shellScript = "\"${SRCROOT}/Pods/Target Support Files/Pods-searchApp/Pods-searchApp-resources.sh\"\n";
			showEnvVarsInLog = 0;
		};
/* End PBXShellScriptBuildPhase section */

/* Begin PBXSourcesBuildPhase section */
		E277568B1F72A42B006D5563 /* Sources */ = {
			isa = PBXSourcesBuildPhase;
			buildActionMask = 2147483647;
			files = (
				E27756951F72A42B006D5563 /* ViewController.swift in Sources */,
				E26E321E1F74F21200F43C04 /* TrackController.swift in Sources */,
				E2A700AE1F73D09200D37D46 /* AlbumController.swift in Sources */,
				E27756931F72A42B006D5563 /* AppDelegate.swift in Sources */,
			);
			runOnlyForDeploymentPostprocessing = 0;
		};
		E277569F1F72A42B006D5563 /* Sources */ = {
			isa = PBXSourcesBuildPhase;
			buildActionMask = 2147483647;
			files = (
				E27756A81F72A42B006D5563 /* searchAppTests.swift in Sources */,
			);
			runOnlyForDeploymentPostprocessing = 0;
		};
		E27756AA1F72A42C006D5563 /* Sources */ = {
			isa = PBXSourcesBuildPhase;
			buildActionMask = 2147483647;
			files = (
				E27756B31F72A42C006D5563 /* searchAppUITests.swift in Sources */,
			);
			runOnlyForDeploymentPostprocessing = 0;
		};
/* End PBXSourcesBuildPhase section */

/* Begin PBXTargetDependency section */
		E27756A51F72A42B006D5563 /* PBXTargetDependency */ = {
			isa = PBXTargetDependency;
			target = E277568E1F72A42B006D5563 /* searchApp */;
			targetProxy = E27756A41F72A42B006D5563 /* PBXContainerItemProxy */;
		};
		E27756B01F72A42C006D5563 /* PBXTargetDependency */ = {
			isa = PBXTargetDependency;
			target = E277568E1F72A42B006D5563 /* searchApp */;
			targetProxy = E27756AF1F72A42C006D5563 /* PBXContainerItemProxy */;
		};
/* End PBXTargetDependency section */

/* Begin PBXVariantGroup section */
		E27756961F72A42B006D5563 /* Main.storyboard */ = {
			isa = PBXVariantGroup;
			children = (
				E27756971F72A42B006D5563 /* Base */,
			);
			name = Main.storyboard;
			sourceTree = "<group>";
		};
		E277569B1F72A42B006D5563 /* LaunchScreen.storyboard */ = {
			isa = PBXVariantGroup;
			children = (
				E277569C1F72A42B006D5563 /* Base */,
			);
			name = LaunchScreen.storyboard;
			sourceTree = "<group>";
		};
/* End PBXVariantGroup section */

/* Begin XCBuildConfiguration section */
		E27756B51F72A42C006D5563 /* Debug */ = {
			isa = XCBuildConfiguration;
			buildSettings = {
				ALWAYS_SEARCH_USER_PATHS = NO;
				CLANG_ANALYZER_NONNULL = YES;
				CLANG_ANALYZER_NUMBER_OBJECT_CONVERSION = YES_AGGRESSIVE;
				CLANG_CXX_LANGUAGE_STANDARD = "gnu++14";
				CLANG_CXX_LIBRARY = "libc++";
				CLANG_ENABLE_MODULES = YES;
				CLANG_ENABLE_OBJC_ARC = YES;
				CLANG_WARN_BLOCK_CAPTURE_AUTORELEASING = YES;
				CLANG_WARN_BOOL_CONVERSION = YES;
				CLANG_WARN_COMMA = YES;
				CLANG_WARN_CONSTANT_CONVERSION = YES;
				CLANG_WARN_DIRECT_OBJC_ISA_USAGE = YES_ERROR;
				CLANG_WARN_DOCUMENTATION_COMMENTS = YES;
				CLANG_WARN_EMPTY_BODY = YES;
				CLANG_WARN_ENUM_CONVERSION = YES;
				CLANG_WARN_INFINITE_RECURSION = YES;
				CLANG_WARN_INT_CONVERSION = YES;
				CLANG_WARN_NON_LITERAL_NULL_CONVERSION = YES;
				CLANG_WARN_OBJC_LITERAL_CONVERSION = YES;
				CLANG_WARN_OBJC_ROOT_CLASS = YES_ERROR;
				CLANG_WARN_RANGE_LOOP_ANALYSIS = YES;
				CLANG_WARN_STRICT_PROTOTYPES = YES;
				CLANG_WARN_SUSPICIOUS_MOVE = YES;
				CLANG_WARN_UNGUARDED_AVAILABILITY = YES_AGGRESSIVE;
				CLANG_WARN_UNREACHABLE_CODE = YES;
				CLANG_WARN__DUPLICATE_METHOD_MATCH = YES;
				CODE_SIGN_IDENTITY = "iPhone Developer";
				COPY_PHASE_STRIP = NO;
				DEBUG_INFORMATION_FORMAT = dwarf;
				ENABLE_STRICT_OBJC_MSGSEND = YES;
				ENABLE_TESTABILITY = YES;
				GCC_C_LANGUAGE_STANDARD = gnu11;
				GCC_DYNAMIC_NO_PIC = NO;
				GCC_NO_COMMON_BLOCKS = YES;
				GCC_OPTIMIZATION_LEVEL = 0;
				GCC_PREPROCESSOR_DEFINITIONS = (
					"DEBUG=1",
					"$(inherited)",
				);
				GCC_WARN_64_TO_32_BIT_CONVERSION = YES;
				GCC_WARN_ABOUT_RETURN_TYPE = YES_ERROR;
				GCC_WARN_UNDECLARED_SELECTOR = YES;
				GCC_WARN_UNINITIALIZED_AUTOS = YES_AGGRESSIVE;
				GCC_WARN_UNUSED_FUNCTION = YES;
				GCC_WARN_UNUSED_VARIABLE = YES;
				IPHONEOS_DEPLOYMENT_TARGET = 11.0;
				MTL_ENABLE_DEBUG_INFO = YES;
				ONLY_ACTIVE_ARCH = YES;
				SDKROOT = iphoneos;
				SWIFT_ACTIVE_COMPILATION_CONDITIONS = DEBUG;
				SWIFT_OPTIMIZATION_LEVEL = "-Onone";
			};
			name = Debug;
		};
		E27756B61F72A42C006D5563 /* Release */ = {
			isa = XCBuildConfiguration;
			buildSettings = {
				ALWAYS_SEARCH_USER_PATHS = NO;
				CLANG_ANALYZER_NONNULL = YES;
				CLANG_ANALYZER_NUMBER_OBJECT_CONVERSION = YES_AGGRESSIVE;
				CLANG_CXX_LANGUAGE_STANDARD = "gnu++14";
				CLANG_CXX_LIBRARY = "libc++";
				CLANG_ENABLE_MODULES = YES;
				CLANG_ENABLE_OBJC_ARC = YES;
				CLANG_WARN_BLOCK_CAPTURE_AUTORELEASING = YES;
				CLANG_WARN_BOOL_CONVERSION = YES;
				CLANG_WARN_COMMA = YES;
				CLANG_WARN_CONSTANT_CONVERSION = YES;
				CLANG_WARN_DIRECT_OBJC_ISA_USAGE = YES_ERROR;
				CLANG_WARN_DOCUMENTATION_COMMENTS = YES;
				CLANG_WARN_EMPTY_BODY = YES;
				CLANG_WARN_ENUM_CONVERSION = YES;
				CLANG_WARN_INFINITE_RECURSION = YES;
				CLANG_WARN_INT_CONVERSION = YES;
				CLANG_WARN_NON_LITERAL_NULL_CONVERSION = YES;
				CLANG_WARN_OBJC_LITERAL_CONVERSION = YES;
				CLANG_WARN_OBJC_ROOT_CLASS = YES_ERROR;
				CLANG_WARN_RANGE_LOOP_ANALYSIS = YES;
				CLANG_WARN_STRICT_PROTOTYPES = YES;
				CLANG_WARN_SUSPICIOUS_MOVE = YES;
				CLANG_WARN_UNGUARDED_AVAILABILITY = YES_AGGRESSIVE;
				CLANG_WARN_UNREACHABLE_CODE = YES;
				CLANG_WARN__DUPLICATE_METHOD_MATCH = YES;
				CODE_SIGN_IDENTITY = "iPhone Developer";
				COPY_PHASE_STRIP = NO;
				DEBUG_INFORMATION_FORMAT = "dwarf-with-dsym";
				ENABLE_NS_ASSERTIONS = NO;
				ENABLE_STRICT_OBJC_MSGSEND = YES;
				GCC_C_LANGUAGE_STANDARD = gnu11;
				GCC_NO_COMMON_BLOCKS = YES;
				GCC_WARN_64_TO_32_BIT_CONVERSION = YES;
				GCC_WARN_ABOUT_RETURN_TYPE = YES_ERROR;
				GCC_WARN_UNDECLARED_SELECTOR = YES;
				GCC_WARN_UNINITIALIZED_AUTOS = YES_AGGRESSIVE;
				GCC_WARN_UNUSED_FUNCTION = YES;
				GCC_WARN_UNUSED_VARIABLE = YES;
				IPHONEOS_DEPLOYMENT_TARGET = 11.0;
				MTL_ENABLE_DEBUG_INFO = NO;
				SDKROOT = iphoneos;
				SWIFT_OPTIMIZATION_LEVEL = "-Owholemodule";
				VALIDATE_PRODUCT = YES;
			};
			name = Release;
		};
		E27756B81F72A42C006D5563 /* Debug */ = {
			isa = XCBuildConfiguration;
			baseConfigurationReference = 1C99E54D67348F53F32BED1F /* Pods-searchApp.debug.xcconfig */;
			buildSettings = {
				ASSETCATALOG_COMPILER_APPICON_NAME = AppIcon;
				CODE_SIGN_STYLE = Automatic;
				DEVELOPMENT_TEAM = SL5BJ933VE;
				INFOPLIST_FILE = searchApp/Info.plist;
				IPHONEOS_DEPLOYMENT_TARGET = 10.0;
				LD_RUNPATH_SEARCH_PATHS = "$(inherited) @executable_path/Frameworks";
				PRODUCT_BUNDLE_IDENTIFIER = tidal.searchApp;
				PRODUCT_NAME = "$(TARGET_NAME)";
				SWIFT_VERSION = 4.0;
				TARGETED_DEVICE_FAMILY = "1,2";
			};
			name = Debug;
		};
		E27756B91F72A42C006D5563 /* Release */ = {
			isa = XCBuildConfiguration;
			baseConfigurationReference = 0508C0ECB434564C6958B8E7 /* Pods-searchApp.release.xcconfig */;
			buildSettings = {
				ASSETCATALOG_COMPILER_APPICON_NAME = AppIcon;
				CODE_SIGN_STYLE = Automatic;
				DEVELOPMENT_TEAM = SL5BJ933VE;
				INFOPLIST_FILE = searchApp/Info.plist;
				IPHONEOS_DEPLOYMENT_TARGET = 10.0;
				LD_RUNPATH_SEARCH_PATHS = "$(inherited) @executable_path/Frameworks";
				PRODUCT_BUNDLE_IDENTIFIER = tidal.searchApp;
				PRODUCT_NAME = "$(TARGET_NAME)";
				SWIFT_VERSION = 4.0;
				TARGETED_DEVICE_FAMILY = "1,2";
			};
			name = Release;
		};
		E27756BB1F72A42C006D5563 /* Debug */ = {
			isa = XCBuildConfiguration;
			baseConfigurationReference = C4ED675A9533A15C3402FE7A /* Pods-searchAppTests.debug.xcconfig */;
			buildSettings = {
				ALWAYS_EMBED_SWIFT_STANDARD_LIBRARIES = YES;
				BUNDLE_LOADER = "$(TEST_HOST)";
				CODE_SIGN_STYLE = Automatic;
				INFOPLIST_FILE = searchAppTests/Info.plist;
				LD_RUNPATH_SEARCH_PATHS = "$(inherited) @executable_path/Frameworks @loader_path/Frameworks";
				PRODUCT_BUNDLE_IDENTIFIER = tidal.searchAppTests;
				PRODUCT_NAME = "$(TARGET_NAME)";
				SWIFT_VERSION = 4.0;
				TARGETED_DEVICE_FAMILY = "1,2";
				TEST_HOST = "$(BUILT_PRODUCTS_DIR)/searchApp.app/searchApp";
			};
			name = Debug;
		};
		E27756BC1F72A42C006D5563 /* Release */ = {
			isa = XCBuildConfiguration;
			baseConfigurationReference = 4C373C3F556479E74DD082FB /* Pods-searchAppTests.release.xcconfig */;
			buildSettings = {
				ALWAYS_EMBED_SWIFT_STANDARD_LIBRARIES = YES;
				BUNDLE_LOADER = "$(TEST_HOST)";
				CODE_SIGN_STYLE = Automatic;
				INFOPLIST_FILE = searchAppTests/Info.plist;
				LD_RUNPATH_SEARCH_PATHS = "$(inherited) @executable_path/Frameworks @loader_path/Frameworks";
				PRODUCT_BUNDLE_IDENTIFIER = tidal.searchAppTests;
				PRODUCT_NAME = "$(TARGET_NAME)";
				SWIFT_VERSION = 4.0;
				TARGETED_DEVICE_FAMILY = "1,2";
				TEST_HOST = "$(BUILT_PRODUCTS_DIR)/searchApp.app/searchApp";
			};
			name = Release;
		};
		E27756BE1F72A42C006D5563 /* Debug */ = {
			isa = XCBuildConfiguration;
			baseConfigurationReference = 6225E7672C5D9D3B778C1ADD /* Pods-searchAppUITests.debug.xcconfig */;
			buildSettings = {
				ALWAYS_EMBED_SWIFT_STANDARD_LIBRARIES = YES;
				CODE_SIGN_STYLE = Automatic;
				INFOPLIST_FILE = searchAppUITests/Info.plist;
				LD_RUNPATH_SEARCH_PATHS = "$(inherited) @executable_path/Frameworks @loader_path/Frameworks";
				PRODUCT_BUNDLE_IDENTIFIER = tidal.searchAppUITests;
				PRODUCT_NAME = "$(TARGET_NAME)";
				SWIFT_VERSION = 4.0;
				TARGETED_DEVICE_FAMILY = "1,2";
				TEST_TARGET_NAME = searchApp;
			};
			name = Debug;
		};
		E27756BF1F72A42C006D5563 /* Release */ = {
			isa = XCBuildConfiguration;
			baseConfigurationReference = 3B1A371B0C64765AF80FBEE8 /* Pods-searchAppUITests.release.xcconfig */;
			buildSettings = {
				ALWAYS_EMBED_SWIFT_STANDARD_LIBRARIES = YES;
				CODE_SIGN_STYLE = Automatic;
				INFOPLIST_FILE = searchAppUITests/Info.plist;
				LD_RUNPATH_SEARCH_PATHS = "$(inherited) @executable_path/Frameworks @loader_path/Frameworks";
				PRODUCT_BUNDLE_IDENTIFIER = tidal.searchAppUITests;
				PRODUCT_NAME = "$(TARGET_NAME)";
				SWIFT_VERSION = 4.0;
				TARGETED_DEVICE_FAMILY = "1,2";
				TEST_TARGET_NAME = searchApp;
			};
			name = Release;
		};
/* End XCBuildConfiguration section */

/* Begin XCConfigurationList section */
		E277568A1F72A42B006D5563 /* Build configuration list for PBXProject "searchApp" */ = {
			isa = XCConfigurationList;
			buildConfigurations = (
				E27756B51F72A42C006D5563 /* Debug */,
				E27756B61F72A42C006D5563 /* Release */,
			);
			defaultConfigurationIsVisible = 0;
			defaultConfigurationName = Release;
		};
		E27756B71F72A42C006D5563 /* Build configuration list for PBXNativeTarget "searchApp" */ = {
			isa = XCConfigurationList;
			buildConfigurations = (
				E27756B81F72A42C006D5563 /* Debug */,
				E27756B91F72A42C006D5563 /* Release */,
			);
			defaultConfigurationIsVisible = 0;
			defaultConfigurationName = Release;
		};
		E27756BA1F72A42C006D5563 /* Build configuration list for PBXNativeTarget "searchAppTests" */ = {
			isa = XCConfigurationList;
			buildConfigurations = (
				E27756BB1F72A42C006D5563 /* Debug */,
				E27756BC1F72A42C006D5563 /* Release */,
			);
			defaultConfigurationIsVisible = 0;
			defaultConfigurationName = Release;
		};
		E27756BD1F72A42C006D5563 /* Build configuration list for PBXNativeTarget "searchAppUITests" */ = {
			isa = XCConfigurationList;
			buildConfigurations = (
				E27756BE1F72A42C006D5563 /* Debug */,
				E27756BF1F72A42C006D5563 /* Release */,
			);
			defaultConfigurationIsVisible = 0;
			defaultConfigurationName = Release;
		};
/* End XCConfigurationList section */
	};
	rootObject = E27756871F72A42B006D5563 /* Project object */;
}
